
Microsoft Visual Studio Solution File, Format Version 12.00
# Visual Studio Version 17
VisualStudioVersion = 17.5.33414.496
MinimumVisualStudioVersion = 10.0.40219.1
Project("{FAE04EC0-301F-11D3-BF4B-00C04F79EFBC}") = "IceCreamParlor", "IceCreamParlor\IceCreamParlor.csproj", "{0EAC6570-406B-4021-92EF-8006CF50F66B}"
EndProject
Global
	GlobalSection(SolutionConfigurationPlatforms) = preSolution
		Debug|Any CPU = Debug|Any CPU
		Release|Any CPU = Release|Any CPU
	EndGlobalSection
	GlobalSection(ProjectConfigurationPlatforms) = postSolution
		{0EAC6570-406B-4021-92EF-8006CF50F66B}.Debug|Any CPU.ActiveCfg = Debug|Any CPU
		{0EAC6570-406B-4021-92EF-8006CF50F66B}.Debug|Any CPU.Build.0 = Debug|Any CPU
		{0EAC6570-406B-4021-92EF-8006CF50F66B}.Release|Any CPU.ActiveCfg = Release|Any CPU
		{0EAC6570-406B-4021-92EF-8006CF50F66B}.Release|Any CPU.Build.0 = Release|Any CPU
	EndGlobalSection
	GlobalSection(SolutionProperties) = preSolution
		HideSolutionNode = FALSE
	EndGlobalSection
	GlobalSection(ExtensibilityGlobals) = postSolution
		SolutionGuid = {9F18337B-879E-4992-919F-C7E0329BACD4}
	EndGlobalSection
EndGlobal
